
Microsoft Visual Studio Solution File, Format Version 12.00
# Visual Studio 15
VisualStudioVersion = 15.0.28307.168
MinimumVisualStudioVersion = 10.0.40219.1
Project("{FAE04EC0-301F-11D3-BF4B-00C04F79EFBC}") = "SharpSvg", "SharpSvg\SharpSvg.csproj", "{0A52BBC4-7FAA-43A4-B64C-9774DC0D7C6E}"
EndProject
Global
	GlobalSection(SolutionConfigurationPlatforms) = preSolution
		Debug|Any CPU = Debug|Any CPU
		Release|Any CPU = Release|Any CPU
	EndGlobalSection
	GlobalSection(ProjectConfigurationPlatforms) = postSolution
		{0A52BBC4-7FAA-43A4-B64C-9774DC0D7C6E}.Debug|Any CPU.ActiveCfg = Debug|Any CPU
		{0A52BBC4-7FAA-43A4-B64C-9774DC0D7C6E}.Debug|Any CPU.Build.0 = Debug|Any CPU
		{0A52BBC4-7FAA-43A4-B64C-9774DC0D7C6E}.Release|Any CPU.ActiveCfg = Release|Any CPU
		{0A52BBC4-7FAA-43A4-B64C-9774DC0D7C6E}.Release|Any CPU.Build.0 = Release|Any CPU
	EndGlobalSection
	GlobalSection(SolutionProperties) = preSolution
		HideSolutionNode = FALSE
	EndGlobalSection
	GlobalSection(ExtensibilityGlobals) = postSolution
		SolutionGuid = {E8A56B18-7A3B-45C1-99B1-C6F6066FA804}
	EndGlobalSection
EndGlobal
